// !$*UTF8*$!
{
	archiveVersion = 1;
	classes = {
	};
	objectVersion = 46;
	objects = {

/* Begin PBXBuildFile section */
		7F4278EF1B3B565300756104 /* main.m in Sources */ = {isa = PBXBuildFile; fileRef = 7F4278EE1B3B565300756104 /* main.m */; };
		7F4278F21B3B565300756104 /* AppDelegate.m in Sources */ = {isa = PBXBuildFile; fileRef = 7F4278F11B3B565300756104 /* AppDelegate.m */; };
		7F4278F51B3B565300756104 /* ViewController.m in Sources */ = {isa = PBXBuildFile; fileRef = 7F4278F41B3B565300756104 /* ViewController.m */; };
		7F4278F81B3B565300756104 /* Main.storyboard in Resources */ = {isa = PBXBuildFile; fileRef = 7F4278F61B3B565300756104 /* Main.storyboard */; };
		7F4278FA1B3B565300756104 /* Images.xcassets in Resources */ = {isa = PBXBuildFile; fileRef = 7F4278F91B3B565300756104 /* Images.xcassets */; };
		7F4278FD1B3B565300756104 /* LaunchScreen.xib in Resources */ = {isa = PBXBuildFile; fileRef = 7F4278FB1B3B565300756104 /* LaunchScreen.xib */; };
		7F4279091B3B565300756104 /* titTests.m in Sources */ = {isa = PBXBuildFile; fileRef = 7F4279081B3B565300756104 /* titTests.m */; };
/* End PBXBuildFile section */

/* Begin PBXContainerItemProxy section */
		7F4279031B3B565300756104 /* PBXContainerItemProxy */ = {
			isa = PBXContainerItemProxy;
			containerPortal = 7F4278E11B3B565300756104 /* Project object */;
			proxyType = 1;
			remoteGlobalIDString = 7F4278E81B3B565300756104;
			remoteInfo = tit;
		};
/* End PBXContainerItemProxy section */

/* Begin PBXFileReference section */
		7F4278E91B3B565300756104 /* tit.app */ = {isa = PBXFileReference; explicitFileType = wrapper.application; includeInIndex = 0; path = tit.app; sourceTree = BUILT_PRODUCTS_DIR; };
		7F4278ED1B3B565300756104 /* Info.plist */ = {isa = PBXFileReference; lastKnownFileType = text.plist.xml; path = Info.plist; sourceTree = "<group>"; };
		7F4278EE1B3B565300756104 /* main.m */ = {isa = PBXFileReference; lastKnownFileType = sourcecode.c.objc; path = main.m; sourceTree = "<group>"; };
		7F4278F01B3B565300756104 /* AppDelegate.h */ = {isa = PBXFileReference; lastKnownFileType = sourcecode.c.h; path = AppDelegate.h; sourceTree = "<group>"; };
		7F4278F11B3B565300756104 /* AppDelegate.m */ = {isa = PBXFileReference; lastKnownFileType = sourcecode.c.objc; path = AppDelegate.m; sourceTree = "<group>"; };
		7F4278F31B3B565300756104 /* ViewController.h */ = {isa = PBXFileReference; lastKnownFileType = sourcecode.c.h; path = ViewController.h; sourceTree = "<group>"; };
		7F4278F41B3B565300756104 /* ViewController.m */ = {isa = PBXFileReference; lastKnownFileType = sourcecode.c.objc; path = ViewController.m; sourceTree = "<group>"; };
		7F4278F71B3B565300756104 /* Base */ = {isa = PBXFileReference; lastKnownFileType = file.storyboard; name = Base; path = Base.lproj/Main.storyboard; sourceTree = "<group>"; };
		7F4278F91B3B565300756104 /* Images.xcassets */ = {isa = PBXFileReference; lastKnownFileType = folder.assetcatalog; path = Images.xcassets; sourceTree = "<group>"; };
		7F4278FC1B3B565300756104 /* Base */ = {isa = PBXFileReference; lastKnownFileType = file.xib; name = Base; path = Base.lproj/LaunchScreen.xib; sourceTree = "<group>"; };
		7F4279021B3B565300756104 /* titTests.xctest */ = {isa = PBXFileReference; explicitFileType = wrapper.cfbundle; includeInIndex = 0; path = titTests.xctest; sourceTree = BUILT_PRODUCTS_DIR; };
		7F4279071B3B565300756104 /* Info.plist */ = {isa = PBXFileReference; lastKnownFileType = text.plist.xml; path = Info.plist; sourceTree = "<group>"; };
		7F4279081B3B565300756104 /* titTests.m */ = {isa = PBXFileReference; lastKnownFileType = sourcecode.c.objc; path = titTests.m; sourceTree = "<group>"; };
/* End PBXFileReference section */

/* Begin PBXFrameworksBuildPhase section */
		7F4278E61B3B565300756104 /* Frameworks */ = {
			isa = PBXFrameworksBuildPhase;
			buildActionMask = 2147483647;
			files = (
			);
			runOnlyForDeploymentPostprocessing = 0;
		};
		7F4278FF1B3B565300756104 /* Frameworks */ = {
			isa = PBXFrameworksBuildPhase;
			buildActionMask = 2147483647;
			files = (
			);
			runOnlyForDeploymentPostprocessing = 0;
		};
/* End PBXFrameworksBuildPhase section */

/* Begin PBXGroup section */
		7F4278E01B3B565300756104 = {
			isa = PBXGroup;
			children = (
				7F4278EB1B3B565300756104 /* tit */,
				7F4279051B3B565300756104 /* titTests */,
				7F4278EA1B3B565300756104 /* Products */,
			);
			sourceTree = "<group>";
		};
		7F4278EA1B3B565300756104 /* Products */ = {
			isa = PBXGroup;
			children = (
				7F4278E91B3B565300756104 /* tit.app */,
				7F4279021B3B565300756104 /* titTests.xctest */,
			);
			name = Products;
			sourceTree = "<group>";
		};
		7F4278EB1B3B565300756104 /* tit */ = {
			isa = PBXGroup;
			children = (
				7F4278F01B3B565300756104 /* AppDelegate.h */,
				7F4278F11B3B565300756104 /* AppDelegate.m */,
				7F4278F31B3B565300756104 /* ViewController.h */,
				7F4278F41B3B565300756104 /* ViewController.m */,
				7F4278F61B3B565300756104 /* Main.storyboard */,
				7F4278F91B3B565300756104 /* Images.xcassets */,
				7F4278FB1B3B565300756104 /* LaunchScreen.xib */,
				7F4278EC1B3B565300756104 /* Supporting Files */,
			);
			path = tit;
			sourceTree = "<group>";
		};
		7F4278EC1B3B565300756104 /* Supporting Files */ = {
			isa = PBXGroup;
			children = (
				7F4278ED1B3B565300756104 /* Info.plist */,
				7F4278EE1B3B565300756104 /* main.m */,
			);
			name = "Supporting Files";
			sourceTree = "<group>";
		};
		7F4279051B3B565300756104 /* titTests */ = {
			isa = PBXGroup;
			children = (
				7F4279081B3B565300756104 /* titTests.m */,
				7F4279061B3B565300756104 /* Supporting Files */,
			);
			path = titTests;
			sourceTree = "<group>";
		};
		7F4279061B3B565300756104 /* Supporting Files */ = {
			isa = PBXGroup;
			children = (
				7F4279071B3B565300756104 /* Info.plist */,
			);
			name = "Supporting Files";
			sourceTree = "<group>";
		};
/* End PBXGroup section */

/* Begin PBXNativeTarget section */
		7F4278E81B3B565300756104 /* tit */ = {
			isa = PBXNativeTarget;
			buildConfigurationList = 7F42790C1B3B565300756104 /* Build configuration list for PBXNativeTarget "tit" */;
			buildPhases = (
				7F4278E51B3B565300756104 /* Sources */,
				7F4278E61B3B565300756104 /* Frameworks */,
				7F4278E71B3B565300756104 /* Resources */,
			);
			buildRules = (
			);
			dependencies = (
			);
			name = tit;
			productName = tit;
			productReference = 7F4278E91B3B565300756104 /* tit.app */;
			productType = "com.apple.product-type.application";
		};
		7F4279011B3B565300756104 /* titTests */ = {
			isa = PBXNativeTarget;
			buildConfigurationList = 7F42790F1B3B565300756104 /* Build configuration list for PBXNativeTarget "titTests" */;
			buildPhases = (
				7F4278FE1B3B565300756104 /* Sources */,
				7F4278FF1B3B565300756104 /* Frameworks */,
				7F4279001B3B565300756104 /* Resources */,
			);
			buildRules = (
			);
			dependencies = (
				7F4279041B3B565300756104 /* PBXTargetDependency */,
			);
			name = titTests;
			productName = titTests;
			productReference = 7F4279021B3B565300756104 /* titTests.xctest */;
			productType = "com.apple.product-type.bundle.unit-test";
		};
/* End PBXNativeTarget section */

/* Begin PBXProject section */
		7F4278E11B3B565300756104 /* Project object */ = {
			isa = PBXProject;
			attributes = {
				LastUpgradeCheck = 0630;
				ORGANIZATIONNAME = TG;
				TargetAttributes = {
					7F4278E81B3B565300756104 = {
						CreatedOnToolsVersion = 6.3.2;
					};
					7F4279011B3B565300756104 = {
						CreatedOnToolsVersion = 6.3.2;
						TestTargetID = 7F4278E81B3B565300756104;
					};
				};
			};
			buildConfigurationList = 7F4278E41B3B565300756104 /* Build configuration list for PBXProject "tit" */;
			compatibilityVersion = "Xcode 3.2";
			developmentRegion = English;
			hasScannedForEncodings = 0;
			knownRegions = (
				en,
				Base,
			);
			mainGroup = 7F4278E01B3B565300756104;
			productRefGroup = 7F4278EA1B3B565300756104 /* Products */;
			projectDirPath = "";
			projectRoot = "";
			targets = (
				7F4278E81B3B565300756104 /* tit */,
				7F4279011B3B565300756104 /* titTests */,
			);
		};
/* End PBXProject section */

/* Begin PBXResourcesBuildPhase section */
		7F4278E71B3B565300756104 /* Resources */ = {
			isa = PBXResourcesBuildPhase;
			buildActionMask = 2147483647;
			files = (
				7F4278F81B3B565300756104 /* Main.storyboard in Resources */,
				7F4278FD1B3B565300756104 /* LaunchScreen.xib in Resources */,
				7F4278FA1B3B565300756104 /* Images.xcassets in Resources */,
			);
			runOnlyForDeploymentPostprocessing = 0;
		};
		7F4279001B3B565300756104 /* Resources */ = {
			isa = PBXResourcesBuildPhase;
			buildActionMask = 2147483647;
			files = (
			);
			runOnlyForDeploymentPostprocessing = 0;
		};
/* End PBXResourcesBuildPhase section */

/* Begin PBXSourcesBuildPhase section */
		7F4278E51B3B565300756104 /* Sources */ = {
			isa = PBXSourcesBuildPhase;
			buildActionMask = 2147483647;
			files = (
				7F4278F51B3B565300756104 /* ViewController.m in Sources */,
				7F4278F21B3B565300756104 /* AppDelegate.m in Sources */,
				7F4278EF1B3B565300756104 /* main.m in Sources */,
			);
			runOnlyForDeploymentPostprocessing = 0;
		};
		7F4278FE1B3B565300756104 /* Sources */ = {
			isa = PBXSourcesBuildPhase;
			buildActionMask = 2147483647;
			files = (
				7F4279091B3B565300756104 /* titTests.m in Sources */,
			);
			runOnlyForDeploymentPostprocessing = 0;
		};
/* End PBXSourcesBuildPhase section */

/* Begin PBXTargetDependency section */
		7F4279041B3B565300756104 /* PBXTargetDependency */ = {
			isa = PBXTargetDependency;
			target = 7F4278E81B3B565300756104 /* tit */;
			targetProxy = 7F4279031B3B565300756104 /* PBXContainerItemProxy */;
		};
/* End PBXTargetDependency section */

/* Begin PBXVariantGroup section */
		7F4278F61B3B565300756104 /* Main.storyboard */ = {
			isa = PBXVariantGroup;
			children = (
				7F4278F71B3B565300756104 /* Base */,
			);
			name = Main.storyboard;
			sourceTree = "<group>";
		};
		7F4278FB1B3B565300756104 /* LaunchScreen.xib */ = {
			isa = PBXVariantGroup;
			children = (
				7F4278FC1B3B565300756104 /* Base */,
			);
			name = LaunchScreen.xib;
			sourceTree = "<group>";
		};
/* End PBXVariantGroup section */

/* Begin XCBuildConfiguration section */
		7F42790A1B3B565300756104 /* Debug */ = {
			isa = XCBuildConfiguration;
			buildSettings = {
				ALWAYS_SEARCH_USER_PATHS = NO;
				CLANG_CXX_LANGUAGE_STANDARD = "gnu++0x";
				CLANG_CXX_LIBRARY = "libc++";
				CLANG_ENABLE_MODULES = YES;
				CLANG_ENABLE_OBJC_ARC = YES;
				CLANG_WARN_BOOL_CONVERSION = YES;
				CLANG_WARN_CONSTANT_CONVERSION = YES;
				CLANG_WARN_DIRECT_OBJC_ISA_USAGE = YES_ERROR;
				CLANG_WARN_EMPTY_BODY = YES;
				CLANG_WARN_ENUM_CONVERSION = YES;
				CLANG_WARN_INT_CONVERSION = YES;
				CLANG_WARN_OBJC_ROOT_CLASS = YES_ERROR;
				CLANG_WARN_UNREACHABLE_CODE = YES;
				CLANG_WARN__DUPLICATE_METHOD_MATCH = YES;
				"CODE_SIGN_IDENTITY[sdk=iphoneos*]" = "iPhone Developer";
				COPY_PHASE_STRIP = NO;
				DEBUG_INFORMATION_FORMAT = "dwarf-with-dsym";
				ENABLE_STRICT_OBJC_MSGSEND = YES;
				GCC_C_LANGUAGE_STANDARD = gnu99;
				GCC_DYNAMIC_NO_PIC = NO;
				GCC_NO_COMMON_BLOCKS = YES;
				GCC_OPTIMIZATION_LEVEL = 0;
				GCC_PREPROCESSOR_DEFINITIONS = (
					"DEBUG=1",
					"$(inherited)",
				);
				GCC_SYMBOLS_PRIVATE_EXTERN = NO;
				GCC_WARN_64_TO_32_BIT_CONVERSION = YES;
				GCC_WARN_ABOUT_RETURN_TYPE = YES_ERROR;
				GCC_WARN_UNDECLARED_SELECTOR = YES;
				GCC_WARN_UNINITIALIZED_AUTOS = YES_AGGRESSIVE;
				GCC_WARN_UNUSED_FUNCTION = YES;
				GCC_WARN_UNUSED_VARIABLE = YES;
				IPHONEOS_DEPLOYMENT_TARGET = 8.3;
				MTL_ENABLE_DEBUG_INFO = YES;
				ONLY_ACTIVE_ARCH = YES;
				SDKROOT = iphoneos;
			};
			name = Debug;
		};
		7F42790B1B3B565300756104 /* Release */ = {
			isa = XCBuildConfiguration;
			buildSettings = {
				ALWAYS_SEARCH_USER_PATHS = NO;
				CLANG_CXX_LANGUAGE_STANDARD = "gnu++0x";
				CLANG_CXX_LIBRARY = "libc++";
				CLANG_ENABLE_MODULES = YES;
				CLANG_ENABLE_OBJC_ARC = YES;
				CLANG_WARN_BOOL_CONVERSION = YES;
				CLANG_WARN_CONSTANT_CONVERSION = YES;
				CLANG_WARN_DIRECT_OBJC_ISA_USAGE = YES_ERROR;
				CLANG_WARN_EMPTY_BODY = YES;
				CLANG_WARN_ENUM_CONVERSION = YES;
				CLANG_WARN_INT_CONVERSION = YES;
				CLANG_WARN_OBJC_ROOT_CLASS = YES_ERROR;
				CLANG_WARN_UNREACHABLE_CODE = YES;
				CLANG_WARN__DUPLICATE_METHOD_MATCH = YES;
				"CODE_SIGN_IDENTITY[sdk=iphoneos*]" = "iPhone Developer";
				COPY_PHASE_STRIP = NO;
				DEBUG_INFORMATION_FORMAT = "dwarf-with-dsym";
				ENABLE_NS_ASSERTIONS = NO;
				ENABLE_STRICT_OBJC_MSGSEND = YES;
				GCC_C_LANGUAGE_STANDARD = gnu99;
				GCC_NO_COMMON_BLOCKS = YES;
				GCC_WARN_64_TO_32_BIT_CONVERSION = YES;
				GCC_WARN_ABOUT_RETURN_TYPE = YES_ERROR;
				GCC_WARN_UNDECLARED_SELECTOR = YES;
				GCC_WARN_UNINITIALIZED_AUTOS = YES_AGGRESSIVE;
				GCC_WARN_UNUSED_FUNCTION = YES;
				GCC_WARN_UNUSED_VARIABLE = YES;
				IPHONEOS_DEPLOYMENT_TARGET = 8.3;
				MTL_ENABLE_DEBUG_INFO = NO;
				SDKROOT = iphoneos;
				VALIDATE_PRODUCT = YES;
			};
			name = Release;
		};
		7F42790D1B3B565300756104 /* Debug */ = {
			isa = XCBuildConfiguration;
			buildSettings = {
				ASSETCATALOG_COMPILER_APPICON_NAME = AppIcon;
				INFOPLIST_FILE = tit/Info.plist;
				LD_RUNPATH_SEARCH_PATHS = "$(inherited) @executable_path/Frameworks";
				PRODUCT_NAME = "$(TARGET_NAME)";
			};
			name = Debug;
		};
		7F42790E1B3B565300756104 /* Release */ = {
			isa = XCBuildConfiguration;
			buildSettings = {
				ASSETCATALOG_COMPILER_APPICON_NAME = AppIcon;
				INFOPLIST_FILE = tit/Info.plist;
				LD_RUNPATH_SEARCH_PATHS = "$(inherited) @executable_path/Frameworks";
				PRODUCT_NAME = "$(TARGET_NAME)";
			};
			name = Release;
		};
		7F4279101B3B565300756104 /* Debug */ = {
			isa = XCBuildConfiguration;
			buildSettings = {
				BUNDLE_LOADER = "$(TEST_HOST)";
				FRAMEWORK_SEARCH_PATHS = (
					"$(SDKROOT)/Developer/Library/Frameworks",
					"$(inherited)",
				);
				GCC_PREPROCESSOR_DEFINITIONS = (
					"DEBUG=1",
					"$(inherited)",
				);
				INFOPLIST_FILE = titTests/Info.plist;
				LD_RUNPATH_SEARCH_PATHS = "$(inherited) @executable_path/Frameworks @loader_path/Frameworks";
				PRODUCT_NAME = "$(TARGET_NAME)";
				TEST_HOST = "$(BUILT_PRODUCTS_DIR)/tit.app/tit";
			};
			name = Debug;
		};
		7F4279111B3B565300756104 /* Release */ = {
			isa = XCBuildConfiguration;
			buildSettings = {
				BUNDLE_LOADER = "$(TEST_HOST)";
				FRAMEWORK_SEARCH_PATHS = (
					"$(SDKROOT)/Developer/Library/Frameworks",
					"$(inherited)",
				);
				INFOPLIST_FILE = titTests/Info.plist;
				LD_RUNPATH_SEARCH_PATHS = "$(inherited) @executable_path/Frameworks @loader_path/Frameworks";
				PRODUCT_NAME = "$(TARGET_NAME)";
				TEST_HOST = "$(BUILT_PRODUCTS_DIR)/tit.app/tit";
			};
			name = Release;
		};
/* End XCBuildConfiguration section */

/* Begin XCConfigurationList section */
		7F4278E41B3B565300756104 /* Build configuration list for PBXProject "tit" */ = {
			isa = XCConfigurationList;
			buildConfigurations = (
				7F42790A1B3B565300756104 /* Debug */,
				7F42790B1B3B565300756104 /* Release */,
			);
			defaultConfigurationIsVisible = 0;
			defaultConfigurationName = Release;
		};
		7F42790C1B3B565300756104 /* Build configuration list for PBXNativeTarget "tit" */ = {
			isa = XCConfigurationList;
			buildConfigurations = (
				7F42790D1B3B565300756104 /* Debug */,
				7F42790E1B3B565300756104 /* Release */,
			);
			defaultConfigurationIsVisible = 0;
		};
		7F42790F1B3B565300756104 /* Build configuration list for PBXNativeTarget "titTests" */ = {
			isa = XCConfigurationList;
			buildConfigurations = (
				7F4279101B3B565300756104 /* Debug */,
				7F4279111B3B565300756104 /* Release */,
			);
			defaultConfigurationIsVisible = 0;
		};
/* End XCConfigurationList section */
	};
	rootObject = 7F4278E11B3B565300756104 /* Project object */;
}
